
Microsoft Visual Studio Solution File, Format Version 12.00
# Visual Studio Version 16
VisualStudioVersion = 16.0.30503.244
MinimumVisualStudioVersion = 10.0.40219.1
Project("{9A19103F-16F7-4668-BE54-9A1E7A4F7556}") = "BlazingTrails.Web", "BlazingTrails.Web\BlazingTrails.Web.csproj", "{9F04DFCB-FE98-4255-A3D8-D5274666603A}"
EndProject
Project("{FAE04EC0-301F-11D3-BF4B-00C04F79EFBC}") = "BlazingTrails.SharedComponents", "BlazingTrails.SharedComponents\BlazingTrails.SharedComponents.csproj", "{4208CE59-1B1A-4217-A6F4-748AA23E07AA}"
EndProject
Global
	GlobalSection(SolutionConfigurationPlatforms) = preSolution
		Debug|Any CPU = Debug|Any CPU
		Release|Any CPU = Release|Any CPU
	EndGlobalSection
	GlobalSection(ProjectConfigurationPlatforms) = postSolution
		{9F04DFCB-FE98-4255-A3D8-D5274666603A}.Debug|Any CPU.ActiveCfg = Debug|Any CPU
		{9F04DFCB-FE98-4255-A3D8-D5274666603A}.Debug|Any CPU.Build.0 = Debug|Any CPU
		{9F04DFCB-FE98-4255-A3D8-D5274666603A}.Release|Any CPU.ActiveCfg = Release|Any CPU
		{9F04DFCB-FE98-4255-A3D8-D5274666603A}.Release|Any CPU.Build.0 = Release|Any CPU
		{4208CE59-1B1A-4217-A6F4-748AA23E07AA}.Debug|Any CPU.ActiveCfg = Debug|Any CPU
		{4208CE59-1B1A-4217-A6F4-748AA23E07AA}.Debug|Any CPU.Build.0 = Debug|Any CPU
		{4208CE59-1B1A-4217-A6F4-748AA23E07AA}.Release|Any CPU.ActiveCfg = Release|Any CPU
		{4208CE59-1B1A-4217-A6F4-748AA23E07AA}.Release|Any CPU.Build.0 = Release|Any CPU
	EndGlobalSection
	GlobalSection(SolutionProperties) = preSolution
		HideSolutionNode = FALSE
	EndGlobalSection
	GlobalSection(ExtensibilityGlobals) = postSolution
		SolutionGuid = {084311AC-DE9C-48EF-90E6-3AD26A0B02D7}
	EndGlobalSection
EndGlobal
