
Microsoft Visual Studio Solution File, Format Version 12.00
# Visual Studio Version 16
VisualStudioVersion = 16.0.30503.244
MinimumVisualStudioVersion = 10.0.40219.1
Project("{FAE04EC0-301F-11D3-BF4B-00C04F79EFBC}") = "CascadingValuesAndParameters", "CascadingValuesAndParameters\CascadingValuesAndParameters.csproj", "{E2975DBB-6FDB-4765-9163-E01662EA7EBD}"
EndProject
Global
	GlobalSection(SolutionConfigurationPlatforms) = preSolution
		Debug|Any CPU = Debug|Any CPU
		Release|Any CPU = Release|Any CPU
	EndGlobalSection
	GlobalSection(ProjectConfigurationPlatforms) = postSolution
		{E2975DBB-6FDB-4765-9163-E01662EA7EBD}.Debug|Any CPU.ActiveCfg = Debug|Any CPU
		{E2975DBB-6FDB-4765-9163-E01662EA7EBD}.Debug|Any CPU.Build.0 = Debug|Any CPU
		{E2975DBB-6FDB-4765-9163-E01662EA7EBD}.Release|Any CPU.ActiveCfg = Release|Any CPU
		{E2975DBB-6FDB-4765-9163-E01662EA7EBD}.Release|Any CPU.Build.0 = Release|Any CPU
	EndGlobalSection
	GlobalSection(SolutionProperties) = preSolution
		HideSolutionNode = FALSE
	EndGlobalSection
	GlobalSection(ExtensibilityGlobals) = postSolution
		SolutionGuid = {DB1BAD6C-03F4-41AC-8D35-8C9E100CDCA3}
	EndGlobalSection
EndGlobal
